
Microsoft Visual Studio Solution File, Format Version 12.00
# Visual Studio Version 16
VisualStudioVersion = 16.0.29123.88
MinimumVisualStudioVersion = 10.0.40219.1
Project("{FAE04EC0-301F-11D3-BF4B-00C04F79EFBC}") = "Solutions", "Solutions\Solutions.csproj", "{E9FE7254-B482-4E48-B63D-FC6944894F07}"
EndProject
Project("{FAE04EC0-301F-11D3-BF4B-00C04F79EFBC}") = "Tests", "Tests\Tests.csproj", "{9E2AE437-6D41-4364-8868-F6FE8A0F6A25}"
EndProject
Global
	GlobalSection(SolutionConfigurationPlatforms) = preSolution
		Debug|Any CPU = Debug|Any CPU
		Release|Any CPU = Release|Any CPU
	EndGlobalSection
	GlobalSection(ProjectConfigurationPlatforms) = postSolution
		{E9FE7254-B482-4E48-B63D-FC6944894F07}.Debug|Any CPU.ActiveCfg = Debug|Any CPU
		{E9FE7254-B482-4E48-B63D-FC6944894F07}.Debug|Any CPU.Build.0 = Debug|Any CPU
		{E9FE7254-B482-4E48-B63D-FC6944894F07}.Release|Any CPU.ActiveCfg = Release|Any CPU
		{E9FE7254-B482-4E48-B63D-FC6944894F07}.Release|Any CPU.Build.0 = Release|Any CPU
		{9E2AE437-6D41-4364-8868-F6FE8A0F6A25}.Debug|Any CPU.ActiveCfg = Debug|Any CPU
		{9E2AE437-6D41-4364-8868-F6FE8A0F6A25}.Debug|Any CPU.Build.0 = Debug|Any CPU
		{9E2AE437-6D41-4364-8868-F6FE8A0F6A25}.Release|Any CPU.ActiveCfg = Release|Any CPU
		{9E2AE437-6D41-4364-8868-F6FE8A0F6A25}.Release|Any CPU.Build.0 = Release|Any CPU
	EndGlobalSection
	GlobalSection(SolutionProperties) = preSolution
		HideSolutionNode = FALSE
	EndGlobalSection
	GlobalSection(ExtensibilityGlobals) = postSolution
		SolutionGuid = {DA754500-0B61-47BD-8291-3D357E21F08B}
	EndGlobalSection
EndGlobal
